
Microsoft Visual Studio Solution File, Format Version 12.00
# Visual Studio 2013
VisualStudioVersion = 12.0.40629.0
MinimumVisualStudioVersion = 10.0.40219.1
Project("{FAE04EC0-301F-11D3-BF4B-00C04F79EFBC}") = "DLMS", "DLMS\DLMS.csproj", "{73E98BB1-766C-4241-9DB1-AB8B67378A94}"
EndProject
Project("{FAE04EC0-301F-11D3-BF4B-00C04F79EFBC}") = "DLMS.BO", "DLMS.BO\DLMS.BO.csproj", "{580C9225-0F0A-4468-91D9-EBFB9600BC21}"
EndProject
Global
	GlobalSection(SolutionConfigurationPlatforms) = preSolution
		Debug|Any CPU = Debug|Any CPU
		Release|Any CPU = Release|Any CPU
	EndGlobalSection
	GlobalSection(ProjectConfigurationPlatforms) = postSolution
		{73E98BB1-766C-4241-9DB1-AB8B67378A94}.Debug|Any CPU.ActiveCfg = Debug|Any CPU
		{73E98BB1-766C-4241-9DB1-AB8B67378A94}.Debug|Any CPU.Build.0 = Debug|Any CPU
		{73E98BB1-766C-4241-9DB1-AB8B67378A94}.Release|Any CPU.ActiveCfg = Release|Any CPU
		{73E98BB1-766C-4241-9DB1-AB8B67378A94}.Release|Any CPU.Build.0 = Release|Any CPU
		{580C9225-0F0A-4468-91D9-EBFB9600BC21}.Debug|Any CPU.ActiveCfg = Debug|Any CPU
		{580C9225-0F0A-4468-91D9-EBFB9600BC21}.Debug|Any CPU.Build.0 = Debug|Any CPU
		{580C9225-0F0A-4468-91D9-EBFB9600BC21}.Release|Any CPU.ActiveCfg = Release|Any CPU
		{580C9225-0F0A-4468-91D9-EBFB9600BC21}.Release|Any CPU.Build.0 = Release|Any CPU
	EndGlobalSection
	GlobalSection(SolutionProperties) = preSolution
		HideSolutionNode = FALSE
	EndGlobalSection
EndGlobal
